// !$*UTF8*$!
{
	archiveVersion = 1;
	classes = {
	};
	objectVersion = 56;
	objects = {

/* Begin PBXBuildFile section */
		180CBBBD2906623A00CD2598 /* AppDelegate.swift in Sources */ = {isa = PBXBuildFile; fileRef = 180CBBBC2906623A00CD2598 /* AppDelegate.swift */; };
		180CBBBF2906623A00CD2598 /* SceneDelegate.swift in Sources */ = {isa = PBXBuildFile; fileRef = 180CBBBE2906623A00CD2598 /* SceneDelegate.swift */; };
		180CBBC12906623A00CD2598 /* ViewController.swift in Sources */ = {isa = PBXBuildFile; fileRef = 180CBBC02906623A00CD2598 /* ViewController.swift */; };
		180CBBC42906623A00CD2598 /* Main.storyboard in Resources */ = {isa = PBXBuildFile; fileRef = 180CBBC22906623A00CD2598 /* Main.storyboard */; };
		180CBBC62906623C00CD2598 /* Assets.xcassets in Resources */ = {isa = PBXBuildFile; fileRef = 180CBBC52906623C00CD2598 /* Assets.xcassets */; };
		180CBBC92906623C00CD2598 /* LaunchScreen.storyboard in Resources */ = {isa = PBXBuildFile; fileRef = 180CBBC72906623C00CD2598 /* LaunchScreen.storyboard */; };
		180CBBD42906623C00CD2598 /* Demo1Tests.swift in Sources */ = {isa = PBXBuildFile; fileRef = 180CBBD32906623C00CD2598 /* Demo1Tests.swift */; };
		180CBBDE2906623C00CD2598 /* Demo1UITests.swift in Sources */ = {isa = PBXBuildFile; fileRef = 180CBBDD2906623C00CD2598 /* Demo1UITests.swift */; };
		180CBBE02906623C00CD2598 /* Demo1UITestsLaunchTests.swift in Sources */ = {isa = PBXBuildFile; fileRef = 180CBBDF2906623C00CD2598 /* Demo1UITestsLaunchTests.swift */; };
/* End PBXBuildFile section */

/* Begin PBXContainerItemProxy section */
		180CBBD02906623C00CD2598 /* PBXContainerItemProxy */ = {
			isa = PBXContainerItemProxy;
			containerPortal = 180CBBB12906623A00CD2598 /* Project object */;
			proxyType = 1;
			remoteGlobalIDString = 180CBBB82906623A00CD2598;
			remoteInfo = Demo1;
		};
		180CBBDA2906623C00CD2598 /* PBXContainerItemProxy */ = {
			isa = PBXContainerItemProxy;
			containerPortal = 180CBBB12906623A00CD2598 /* Project object */;
			proxyType = 1;
			remoteGlobalIDString = 180CBBB82906623A00CD2598;
			remoteInfo = Demo1;
		};
/* End PBXContainerItemProxy section */

/* Begin PBXFileReference section */
		180CBBB92906623A00CD2598 /* Demo1.app */ = {isa = PBXFileReference; explicitFileType = wrapper.application; includeInIndex = 0; path = Demo1.app; sourceTree = BUILT_PRODUCTS_DIR; };
		180CBBBC2906623A00CD2598 /* AppDelegate.swift */ = {isa = PBXFileReference; lastKnownFileType = sourcecode.swift; path = AppDelegate.swift; sourceTree = "<group>"; };
		180CBBBE2906623A00CD2598 /* SceneDelegate.swift */ = {isa = PBXFileReference; lastKnownFileType = sourcecode.swift; path = SceneDelegate.swift; sourceTree = "<group>"; };
		180CBBC02906623A00CD2598 /* ViewController.swift */ = {isa = PBXFileReference; lastKnownFileType = sourcecode.swift; path = ViewController.swift; sourceTree = "<group>"; };
		180CBBC32906623A00CD2598 /* Base */ = {isa = PBXFileReference; lastKnownFileType = file.storyboard; name = Base; path = Base.lproj/Main.storyboard; sourceTree = "<group>"; };
		180CBBC52906623C00CD2598 /* Assets.xcassets */ = {isa = PBXFileReference; lastKnownFileType = folder.assetcatalog; path = Assets.xcassets; sourceTree = "<group>"; };
		180CBBC82906623C00CD2598 /* Base */ = {isa = PBXFileReference; lastKnownFileType = file.storyboard; name = Base; path = Base.lproj/LaunchScreen.storyboard; sourceTree = "<group>"; };
		180CBBCA2906623C00CD2598 /* Info.plist */ = {isa = PBXFileReference; lastKnownFileType = text.plist.xml; path = Info.plist; sourceTree = "<group>"; };
		180CBBCF2906623C00CD2598 /* Demo1Tests.xctest */ = {isa = PBXFileReference; explicitFileType = wrapper.cfbundle; includeInIndex = 0; path = Demo1Tests.xctest; sourceTree = BUILT_PRODUCTS_DIR; };
		180CBBD32906623C00CD2598 /* Demo1Tests.swift */ = {isa = PBXFileReference; lastKnownFileType = sourcecode.swift; path = Demo1Tests.swift; sourceTree = "<group>"; };
		180CBBD92906623C00CD2598 /* Demo1UITests.xctest */ = {isa = PBXFileReference; explicitFileType = wrapper.cfbundle; includeInIndex = 0; path = Demo1UITests.xctest; sourceTree = BUILT_PRODUCTS_DIR; };
		180CBBDD2906623C00CD2598 /* Demo1UITests.swift */ = {isa = PBXFileReference; lastKnownFileType = sourcecode.swift; path = Demo1UITests.swift; sourceTree = "<group>"; };
		180CBBDF2906623C00CD2598 /* Demo1UITestsLaunchTests.swift */ = {isa = PBXFileReference; lastKnownFileType = sourcecode.swift; path = Demo1UITestsLaunchTests.swift; sourceTree = "<group>"; };
/* End PBXFileReference section */

/* Begin PBXFrameworksBuildPhase section */
		180CBBB62906623A00CD2598 /* Frameworks */ = {
			isa = PBXFrameworksBuildPhase;
			buildActionMask = 2147483647;
			files = (
			);
			runOnlyForDeploymentPostprocessing = 0;
		};
		180CBBCC2906623C00CD2598 /* Frameworks */ = {
			isa = PBXFrameworksBuildPhase;
			buildActionMask = 2147483647;
			files = (
			);
			runOnlyForDeploymentPostprocessing = 0;
		};
		180CBBD62906623C00CD2598 /* Frameworks */ = {
			isa = PBXFrameworksBuildPhase;
			buildActionMask = 2147483647;
			files = (
			);
			runOnlyForDeploymentPostprocessing = 0;
		};
/* End PBXFrameworksBuildPhase section */

/* Begin PBXGroup section */
		180CBBB02906623A00CD2598 = {
			isa = PBXGroup;
			children = (
				180CBBBB2906623A00CD2598 /* Demo1 */,
				180CBBD22906623C00CD2598 /* Demo1Tests */,
				180CBBDC2906623C00CD2598 /* Demo1UITests */,
				180CBBBA2906623A00CD2598 /* Products */,
			);
			sourceTree = "<group>";
		};
		180CBBBA2906623A00CD2598 /* Products */ = {
			isa = PBXGroup;
			children = (
				180CBBB92906623A00CD2598 /* Demo1.app */,
				180CBBCF2906623C00CD2598 /* Demo1Tests.xctest */,
				180CBBD92906623C00CD2598 /* Demo1UITests.xctest */,
			);
			name = Products;
			sourceTree = "<group>";
		};
		180CBBBB2906623A00CD2598 /* Demo1 */ = {
			isa = PBXGroup;
			children = (
				180CBBBC2906623A00CD2598 /* AppDelegate.swift */,
				180CBBBE2906623A00CD2598 /* SceneDelegate.swift */,
				180CBBC02906623A00CD2598 /* ViewController.swift */,
				180CBBC22906623A00CD2598 /* Main.storyboard */,
				180CBBC52906623C00CD2598 /* Assets.xcassets */,
				180CBBC72906623C00CD2598 /* LaunchScreen.storyboard */,
				180CBBCA2906623C00CD2598 /* Info.plist */,
			);
			path = Demo1;
			sourceTree = "<group>";
		};
		180CBBD22906623C00CD2598 /* Demo1Tests */ = {
			isa = PBXGroup;
			children = (
				180CBBD32906623C00CD2598 /* Demo1Tests.swift */,
			);
			path = Demo1Tests;
			sourceTree = "<group>";
		};
		180CBBDC2906623C00CD2598 /* Demo1UITests */ = {
			isa = PBXGroup;
			children = (
				180CBBDD2906623C00CD2598 /* Demo1UITests.swift */,
				180CBBDF2906623C00CD2598 /* Demo1UITestsLaunchTests.swift */,
			);
			path = Demo1UITests;
			sourceTree = "<group>";
		};
/* End PBXGroup section */

/* Begin PBXNativeTarget section */
		180CBBB82906623A00CD2598 /* Demo1 */ = {
			isa = PBXNativeTarget;
			buildConfigurationList = 180CBBE32906623C00CD2598 /* Build configuration list for PBXNativeTarget "Demo1" */;
			buildPhases = (
				180CBBB52906623A00CD2598 /* Sources */,
				180CBBB62906623A00CD2598 /* Frameworks */,
				180CBBB72906623A00CD2598 /* Resources */,
			);
			buildRules = (
			);
			dependencies = (
			);
			name = Demo1;
			productName = Demo1;
			productReference = 180CBBB92906623A00CD2598 /* Demo1.app */;
			productType = "com.apple.product-type.application";
		};
		180CBBCE2906623C00CD2598 /* Demo1Tests */ = {
			isa = PBXNativeTarget;
			buildConfigurationList = 180CBBE62906623C00CD2598 /* Build configuration list for PBXNativeTarget "Demo1Tests" */;
			buildPhases = (
				180CBBCB2906623C00CD2598 /* Sources */,
				180CBBCC2906623C00CD2598 /* Frameworks */,
				180CBBCD2906623C00CD2598 /* Resources */,
			);
			buildRules = (
			);
			dependencies = (
				180CBBD12906623C00CD2598 /* PBXTargetDependency */,
			);
			name = Demo1Tests;
			productName = Demo1Tests;
			productReference = 180CBBCF2906623C00CD2598 /* Demo1Tests.xctest */;
			productType = "com.apple.product-type.bundle.unit-test";
		};
		180CBBD82906623C00CD2598 /* Demo1UITests */ = {
			isa = PBXNativeTarget;
			buildConfigurationList = 180CBBE92906623C00CD2598 /* Build configuration list for PBXNativeTarget "Demo1UITests" */;
			buildPhases = (
				180CBBD52906623C00CD2598 /* Sources */,
				180CBBD62906623C00CD2598 /* Frameworks */,
				180CBBD72906623C00CD2598 /* Resources */,
			);
			buildRules = (
			);
			dependencies = (
				180CBBDB2906623C00CD2598 /* PBXTargetDependency */,
			);
			name = Demo1UITests;
			productName = Demo1UITests;
			productReference = 180CBBD92906623C00CD2598 /* Demo1UITests.xctest */;
			productType = "com.apple.product-type.bundle.ui-testing";
		};
/* End PBXNativeTarget section */

/* Begin PBXProject section */
		180CBBB12906623A00CD2598 /* Project object */ = {
			isa = PBXProject;
			attributes = {
				BuildIndependentTargetsInParallel = 1;
				LastSwiftUpdateCheck = 1400;
				LastUpgradeCheck = 1400;
				TargetAttributes = {
					180CBBB82906623A00CD2598 = {
						CreatedOnToolsVersion = 14.0.1;
					};
					180CBBCE2906623C00CD2598 = {
						CreatedOnToolsVersion = 14.0.1;
						TestTargetID = 180CBBB82906623A00CD2598;
					};
					180CBBD82906623C00CD2598 = {
						CreatedOnToolsVersion = 14.0.1;
						TestTargetID = 180CBBB82906623A00CD2598;
					};
				};
			};
			buildConfigurationList = 180CBBB42906623A00CD2598 /* Build configuration list for PBXProject "Demo1" */;
			compatibilityVersion = "Xcode 14.0";
			developmentRegion = en;
			hasScannedForEncodings = 0;
			knownRegions = (
				en,
				Base,
			);
			mainGroup = 180CBBB02906623A00CD2598;
			productRefGroup = 180CBBBA2906623A00CD2598 /* Products */;
			projectDirPath = "";
			projectRoot = "";
			targets = (
				180CBBB82906623A00CD2598 /* Demo1 */,
				180CBBCE2906623C00CD2598 /* Demo1Tests */,
				180CBBD82906623C00CD2598 /* Demo1UITests */,
			);
		};
/* End PBXProject section */

/* Begin PBXResourcesBuildPhase section */
		180CBBB72906623A00CD2598 /* Resources */ = {
			isa = PBXResourcesBuildPhase;
			buildActionMask = 2147483647;
			files = (
				180CBBC92906623C00CD2598 /* LaunchScreen.storyboard in Resources */,
				180CBBC62906623C00CD2598 /* Assets.xcassets in Resources */,
				180CBBC42906623A00CD2598 /* Main.storyboard in Resources */,
			);
			runOnlyForDeploymentPostprocessing = 0;
		};
		180CBBCD2906623C00CD2598 /* Resources */ = {
			isa = PBXResourcesBuildPhase;
			buildActionMask = 2147483647;
			files = (
			);
			runOnlyForDeploymentPostprocessing = 0;
		};
		180CBBD72906623C00CD2598 /* Resources */ = {
			isa = PBXResourcesBuildPhase;
			buildActionMask = 2147483647;
			files = (
			);
			runOnlyForDeploymentPostprocessing = 0;
		};
/* End PBXResourcesBuildPhase section */

/* Begin PBXSourcesBuildPhase section */
		180CBBB52906623A00CD2598 /* Sources */ = {
			isa = PBXSourcesBuildPhase;
			buildActionMask = 2147483647;
			files = (
				180CBBC12906623A00CD2598 /* ViewController.swift in Sources */,
				180CBBBD2906623A00CD2598 /* AppDelegate.swift in Sources */,
				180CBBBF2906623A00CD2598 /* SceneDelegate.swift in Sources */,
			);
			runOnlyForDeploymentPostprocessing = 0;
		};
		180CBBCB2906623C00CD2598 /* Sources */ = {
			isa = PBXSourcesBuildPhase;
			buildActionMask = 2147483647;
			files = (
				180CBBD42906623C00CD2598 /* Demo1Tests.swift in Sources */,
			);
			runOnlyForDeploymentPostprocessing = 0;
		};
		180CBBD52906623C00CD2598 /* Sources */ = {
			isa = PBXSourcesBuildPhase;
			buildActionMask = 2147483647;
			files = (
				180CBBDE2906623C00CD2598 /* Demo1UITests.swift in Sources */,
				180CBBE02906623C00CD2598 /* Demo1UITestsLaunchTests.swift in Sources */,
			);
			runOnlyForDeploymentPostprocessing = 0;
		};
/* End PBXSourcesBuildPhase section */

/* Begin PBXTargetDependency section */
		180CBBD12906623C00CD2598 /* PBXTargetDependency */ = {
			isa = PBXTargetDependency;
			target = 180CBBB82906623A00CD2598 /* Demo1 */;
			targetProxy = 180CBBD02906623C00CD2598 /* PBXContainerItemProxy */;
		};
		180CBBDB2906623C00CD2598 /* PBXTargetDependency */ = {
			isa = PBXTargetDependency;
			target = 180CBBB82906623A00CD2598 /* Demo1 */;
			targetProxy = 180CBBDA2906623C00CD2598 /* PBXContainerItemProxy */;
		};
/* End PBXTargetDependency section */

/* Begin PBXVariantGroup section */
		180CBBC22906623A00CD2598 /* Main.storyboard */ = {
			isa = PBXVariantGroup;
			children = (
				180CBBC32906623A00CD2598 /* Base */,
			);
			name = Main.storyboard;
			sourceTree = "<group>";
		};
		180CBBC72906623C00CD2598 /* LaunchScreen.storyboard */ = {
			isa = PBXVariantGroup;
			children = (
				180CBBC82906623C00CD2598 /* Base */,
			);
			name = LaunchScreen.storyboard;
			sourceTree = "<group>";
		};
/* End PBXVariantGroup section */

/* Begin XCBuildConfiguration section */
		180CBBE12906623C00CD2598 /* Debug */ = {
			isa = XCBuildConfiguration;
			buildSettings = {
				ALWAYS_SEARCH_USER_PATHS = NO;
				CLANG_ANALYZER_NONNULL = YES;
				CLANG_ANALYZER_NUMBER_OBJECT_CONVERSION = YES_AGGRESSIVE;
				CLANG_CXX_LANGUAGE_STANDARD = "gnu++20";
				CLANG_ENABLE_MODULES = YES;
				CLANG_ENABLE_OBJC_ARC = YES;
				CLANG_ENABLE_OBJC_WEAK = YES;
				CLANG_WARN_BLOCK_CAPTURE_AUTORELEASING = YES;
				CLANG_WARN_BOOL_CONVERSION = YES;
				CLANG_WARN_COMMA = YES;
				CLANG_WARN_CONSTANT_CONVERSION = YES;
				CLANG_WARN_DEPRECATED_OBJC_IMPLEMENTATIONS = YES;
				CLANG_WARN_DIRECT_OBJC_ISA_USAGE = YES_ERROR;
				CLANG_WARN_DOCUMENTATION_COMMENTS = YES;
				CLANG_WARN_EMPTY_BODY = YES;
				CLANG_WARN_ENUM_CONVERSION = YES;
				CLANG_WARN_INFINITE_RECURSION = YES;
				CLANG_WARN_INT_CONVERSION = YES;
				CLANG_WARN_NON_LITERAL_NULL_CONVERSION = YES;
				CLANG_WARN_OBJC_IMPLICIT_RETAIN_SELF = YES;
				CLANG_WARN_OBJC_LITERAL_CONVERSION = YES;
				CLANG_WARN_OBJC_ROOT_CLASS = YES_ERROR;
				CLANG_WARN_QUOTED_INCLUDE_IN_FRAMEWORK_HEADER = YES;
				CLANG_WARN_RANGE_LOOP_ANALYSIS = YES;
				CLANG_WARN_STRICT_PROTOTYPES = YES;
				CLANG_WARN_SUSPICIOUS_MOVE = YES;
				CLANG_WARN_UNGUARDED_AVAILABILITY = YES_AGGRESSIVE;
				CLANG_WARN_UNREACHABLE_CODE = YES;
				CLANG_WARN__DUPLICATE_METHOD_MATCH = YES;
				COPY_PHASE_STRIP = NO;
				DEBUG_INFORMATION_FORMAT = dwarf;
				ENABLE_STRICT_OBJC_MSGSEND = YES;
				ENABLE_TESTABILITY = YES;
				GCC_C_LANGUAGE_STANDARD = gnu11;
				GCC_DYNAMIC_NO_PIC = NO;
				GCC_NO_COMMON_BLOCKS = YES;
				GCC_OPTIMIZATION_LEVEL = 0;
				GCC_PREPROCESSOR_DEFINITIONS = (
					"DEBUG=1",
					"$(inherited)",
				);
				GCC_WARN_64_TO_32_BIT_CONVERSION = YES;
				GCC_WARN_ABOUT_RETURN_TYPE = YES_ERROR;
				GCC_WARN_UNDECLARED_SELECTOR = YES;
				GCC_WARN_UNINITIALIZED_AUTOS = YES_AGGRESSIVE;
				GCC_WARN_UNUSED_FUNCTION = YES;
				GCC_WARN_UNUSED_VARIABLE = YES;
				IPHONEOS_DEPLOYMENT_TARGET = 16.0;
				MTL_ENABLE_DEBUG_INFO = INCLUDE_SOURCE;
				MTL_FAST_MATH = YES;
				ONLY_ACTIVE_ARCH = YES;
				SDKROOT = iphoneos;
				SWIFT_ACTIVE_COMPILATION_CONDITIONS = DEBUG;
				SWIFT_OPTIMIZATION_LEVEL = "-Onone";
			};
			name = Debug;
		};
		180CBBE22906623C00CD2598 /* Release */ = {
			isa = XCBuildConfiguration;
			buildSettings = {
				ALWAYS_SEARCH_USER_PATHS = NO;
				CLANG_ANALYZER_NONNULL = YES;
				CLANG_ANALYZER_NUMBER_OBJECT_CONVERSION = YES_AGGRESSIVE;
				CLANG_CXX_LANGUAGE_STANDARD = "gnu++20";
				CLANG_ENABLE_MODULES = YES;
				CLANG_ENABLE_OBJC_ARC = YES;
				CLANG_ENABLE_OBJC_WEAK = YES;
				CLANG_WARN_BLOCK_CAPTURE_AUTORELEASING = YES;
				CLANG_WARN_BOOL_CONVERSION = YES;
				CLANG_WARN_COMMA = YES;
				CLANG_WARN_CONSTANT_CONVERSION = YES;
				CLANG_WARN_DEPRECATED_OBJC_IMPLEMENTATIONS = YES;
				CLANG_WARN_DIRECT_OBJC_ISA_USAGE = YES_ERROR;
				CLANG_WARN_DOCUMENTATION_COMMENTS = YES;
				CLANG_WARN_EMPTY_BODY = YES;
				CLANG_WARN_ENUM_CONVERSION = YES;
				CLANG_WARN_INFINITE_RECURSION = YES;
				CLANG_WARN_INT_CONVERSION = YES;
				CLANG_WARN_NON_LITERAL_NULL_CONVERSION = YES;
				CLANG_WARN_OBJC_IMPLICIT_RETAIN_SELF = YES;
				CLANG_WARN_OBJC_LITERAL_CONVERSION = YES;
				CLANG_WARN_OBJC_ROOT_CLASS = YES_ERROR;
				CLANG_WARN_QUOTED_INCLUDE_IN_FRAMEWORK_HEADER = YES;
				CLANG_WARN_RANGE_LOOP_ANALYSIS = YES;
				CLANG_WARN_STRICT_PROTOTYPES = YES;
				CLANG_WARN_SUSPICIOUS_MOVE = YES;
				CLANG_WARN_UNGUARDED_AVAILABILITY = YES_AGGRESSIVE;
				CLANG_WARN_UNREACHABLE_CODE = YES;
				CLANG_WARN__DUPLICATE_METHOD_MATCH = YES;
				COPY_PHASE_STRIP = NO;
				DEBUG_INFORMATION_FORMAT = "dwarf-with-dsym";
				ENABLE_NS_ASSERTIONS = NO;
				ENABLE_STRICT_OBJC_MSGSEND = YES;
				GCC_C_LANGUAGE_STANDARD = gnu11;
				GCC_NO_COMMON_BLOCKS = YES;
				GCC_WARN_64_TO_32_BIT_CONVERSION = YES;
				GCC_WARN_ABOUT_RETURN_TYPE = YES_ERROR;
				GCC_WARN_UNDECLARED_SELECTOR = YES;
				GCC_WARN_UNINITIALIZED_AUTOS = YES_AGGRESSIVE;
				GCC_WARN_UNUSED_FUNCTION = YES;
				GCC_WARN_UNUSED_VARIABLE = YES;
				IPHONEOS_DEPLOYMENT_TARGET = 16.0;
				MTL_ENABLE_DEBUG_INFO = NO;
				MTL_FAST_MATH = YES;
				SDKROOT = iphoneos;
				SWIFT_COMPILATION_MODE = wholemodule;
				SWIFT_OPTIMIZATION_LEVEL = "-O";
				VALIDATE_PRODUCT = YES;
			};
			name = Release;
		};
		180CBBE42906623C00CD2598 /* Debug */ = {
			isa = XCBuildConfiguration;
			buildSettings = {
				ASSETCATALOG_COMPILER_APPICON_NAME = AppIcon;
				ASSETCATALOG_COMPILER_GLOBAL_ACCENT_COLOR_NAME = AccentColor;
				CODE_SIGN_STYLE = Automatic;
				CURRENT_PROJECT_VERSION = 1;
				DEVELOPMENT_TEAM = YSN6KVDT5K;
				GENERATE_INFOPLIST_FILE = YES;
				INFOPLIST_FILE = Demo1/Info.plist;
				INFOPLIST_KEY_UIApplicationSupportsIndirectInputEvents = YES;
				INFOPLIST_KEY_UILaunchStoryboardName = LaunchScreen;
				INFOPLIST_KEY_UIMainStoryboardFile = Main;
				INFOPLIST_KEY_UISupportedInterfaceOrientations_iPad = "UIInterfaceOrientationPortrait UIInterfaceOrientationPortraitUpsideDown UIInterfaceOrientationLandscapeLeft UIInterfaceOrientationLandscapeRight";
				INFOPLIST_KEY_UISupportedInterfaceOrientations_iPhone = "UIInterfaceOrientationPortrait UIInterfaceOrientationLandscapeLeft UIInterfaceOrientationLandscapeRight";
				LD_RUNPATH_SEARCH_PATHS = (
					"$(inherited)",
					"@executable_path/Frameworks",
				);
				MARKETING_VERSION = 1.0;
				PRODUCT_BUNDLE_IDENTIFIER = com.csde.Demo1;
				PRODUCT_NAME = "$(TARGET_NAME)";
				SWIFT_EMIT_LOC_STRINGS = YES;
				SWIFT_VERSION = 5.0;
				TARGETED_DEVICE_FAMILY = "1,2";
			};
			name = Debug;
		};
		180CBBE52906623C00CD2598 /* Release */ = {
			isa = XCBuildConfiguration;
			buildSettings = {
				ASSETCATALOG_COMPILER_APPICON_NAME = AppIcon;
				ASSETCATALOG_COMPILER_GLOBAL_ACCENT_COLOR_NAME = AccentColor;
				CODE_SIGN_STYLE = Automatic;
				CURRENT_PROJECT_VERSION = 1;
				DEVELOPMENT_TEAM = YSN6KVDT5K;
				GENERATE_INFOPLIST_FILE = YES;
				INFOPLIST_FILE = Demo1/Info.plist;
				INFOPLIST_KEY_UIApplicationSupportsIndirectInputEvents = YES;
				INFOPLIST_KEY_UILaunchStoryboardName = LaunchScreen;
				INFOPLIST_KEY_UIMainStoryboardFile = Main;
				INFOPLIST_KEY_UISupportedInterfaceOrientations_iPad = "UIInterfaceOrientationPortrait UIInterfaceOrientationPortraitUpsideDown UIInterfaceOrientationLandscapeLeft UIInterfaceOrientationLandscapeRight";
				INFOPLIST_KEY_UISupportedInterfaceOrientations_iPhone = "UIInterfaceOrientationPortrait UIInterfaceOrientationLandscapeLeft UIInterfaceOrientationLandscapeRight";
				LD_RUNPATH_SEARCH_PATHS = (
					"$(inherited)",
					"@executable_path/Frameworks",
				);
				MARKETING_VERSION = 1.0;
				PRODUCT_BUNDLE_IDENTIFIER = com.csde.Demo1;
				PRODUCT_NAME = "$(TARGET_NAME)";
				SWIFT_EMIT_LOC_STRINGS = YES;
				SWIFT_VERSION = 5.0;
				TARGETED_DEVICE_FAMILY = "1,2";
			};
			name = Release;
		};
		180CBBE72906623C00CD2598 /* Debug */ = {
			isa = XCBuildConfiguration;
			buildSettings = {
				ALWAYS_EMBED_SWIFT_STANDARD_LIBRARIES = YES;
				BUNDLE_LOADER = "$(TEST_HOST)";
				CODE_SIGN_STYLE = Automatic;
				CURRENT_PROJECT_VERSION = 1;
				DEVELOPMENT_TEAM = YSN6KVDT5K;
				GENERATE_INFOPLIST_FILE = YES;
				IPHONEOS_DEPLOYMENT_TARGET = 16.0;
				MARKETING_VERSION = 1.0;
				PRODUCT_BUNDLE_IDENTIFIER = com.csde.Demo1Tests;
				PRODUCT_NAME = "$(TARGET_NAME)";
				SWIFT_EMIT_LOC_STRINGS = NO;
				SWIFT_VERSION = 5.0;
				TARGETED_DEVICE_FAMILY = "1,2";
				TEST_HOST = "$(BUILT_PRODUCTS_DIR)/Demo1.app/$(BUNDLE_EXECUTABLE_FOLDER_PATH)/Demo1";
			};
			name = Debug;
		};
		180CBBE82906623C00CD2598 /* Release */ = {
			isa = XCBuildConfiguration;
			buildSettings = {
				ALWAYS_EMBED_SWIFT_STANDARD_LIBRARIES = YES;
				BUNDLE_LOADER = "$(TEST_HOST)";
				CODE_SIGN_STYLE = Automatic;
				CURRENT_PROJECT_VERSION = 1;
				DEVELOPMENT_TEAM = YSN6KVDT5K;
				GENERATE_INFOPLIST_FILE = YES;
				IPHONEOS_DEPLOYMENT_TARGET = 16.0;
				MARKETING_VERSION = 1.0;
				PRODUCT_BUNDLE_IDENTIFIER = com.csde.Demo1Tests;
				PRODUCT_NAME = "$(TARGET_NAME)";
				SWIFT_EMIT_LOC_STRINGS = NO;
				SWIFT_VERSION = 5.0;
				TARGETED_DEVICE_FAMILY = "1,2";
				TEST_HOST = "$(BUILT_PRODUCTS_DIR)/Demo1.app/$(BUNDLE_EXECUTABLE_FOLDER_PATH)/Demo1";
			};
			name = Release;
		};
		180CBBEA2906623C00CD2598 /* Debug */ = {
			isa = XCBuildConfiguration;
			buildSettings = {
				ALWAYS_EMBED_SWIFT_STANDARD_LIBRARIES = YES;
				CODE_SIGN_STYLE = Automatic;
				CURRENT_PROJECT_VERSION = 1;
				DEVELOPMENT_TEAM = YSN6KVDT5K;
				GENERATE_INFOPLIST_FILE = YES;
				MARKETING_VERSION = 1.0;
				PRODUCT_BUNDLE_IDENTIFIER = com.csde.Demo1UITests;
				PRODUCT_NAME = "$(TARGET_NAME)";
				SWIFT_EMIT_LOC_STRINGS = NO;
				SWIFT_VERSION = 5.0;
				TARGETED_DEVICE_FAMILY = "1,2";
				TEST_TARGET_NAME = Demo1;
			};
			name = Debug;
		};
		180CBBEB2906623C00CD2598 /* Release */ = {
			isa = XCBuildConfiguration;
			buildSettings = {
				ALWAYS_EMBED_SWIFT_STANDARD_LIBRARIES = YES;
				CODE_SIGN_STYLE = Automatic;
				CURRENT_PROJECT_VERSION = 1;
				DEVELOPMENT_TEAM = YSN6KVDT5K;
				GENERATE_INFOPLIST_FILE = YES;
				MARKETING_VERSION = 1.0;
				PRODUCT_BUNDLE_IDENTIFIER = com.csde.Demo1UITests;
				PRODUCT_NAME = "$(TARGET_NAME)";
				SWIFT_EMIT_LOC_STRINGS = NO;
				SWIFT_VERSION = 5.0;
				TARGETED_DEVICE_FAMILY = "1,2";
				TEST_TARGET_NAME = Demo1;
			};
			name = Release;
		};
/* End XCBuildConfiguration section */

/* Begin XCConfigurationList section */
		180CBBB42906623A00CD2598 /* Build configuration list for PBXProject "Demo1" */ = {
			isa = XCConfigurationList;
			buildConfigurations = (
				180CBBE12906623C00CD2598 /* Debug */,
				180CBBE22906623C00CD2598 /* Release */,
			);
			defaultConfigurationIsVisible = 0;
			defaultConfigurationName = Release;
		};
		180CBBE32906623C00CD2598 /* Build configuration list for PBXNativeTarget "Demo1" */ = {
			isa = XCConfigurationList;
			buildConfigurations = (
				180CBBE42906623C00CD2598 /* Debug */,
				180CBBE52906623C00CD2598 /* Release */,
			);
			defaultConfigurationIsVisible = 0;
			defaultConfigurationName = Release;
		};
		180CBBE62906623C00CD2598 /* Build configuration list for PBXNativeTarget "Demo1Tests" */ = {
			isa = XCConfigurationList;
			buildConfigurations = (
				180CBBE72906623C00CD2598 /* Debug */,
				180CBBE82906623C00CD2598 /* Release */,
			);
			defaultConfigurationIsVisible = 0;
			defaultConfigurationName = Release;
		};
		180CBBE92906623C00CD2598 /* Build configuration list for PBXNativeTarget "Demo1UITests" */ = {
			isa = XCConfigurationList;
			buildConfigurations = (
				180CBBEA2906623C00CD2598 /* Debug */,
				180CBBEB2906623C00CD2598 /* Release */,
			);
			defaultConfigurationIsVisible = 0;
			defaultConfigurationName = Release;
		};
/* End XCConfigurationList section */
	};
	rootObject = 180CBBB12906623A00CD2598 /* Project object */;
}
